// !$*UTF8*$!
{
	archiveVersion = 1;
	classes = {
	};
	objectVersion = 50;
	objects = {

/* Begin PBXBuildFile section */
		F3CF13162A184E1C0062424D /* AppDelegate.swift in Sources */ = {isa = PBXBuildFile; fileRef = F3CF13152A184E1C0062424D /* AppDelegate.swift */; };
		F3CF13182A184E1C0062424D /* SceneDelegate.swift in Sources */ = {isa = PBXBuildFile; fileRef = F3CF13172A184E1C0062424D /* SceneDelegate.swift */; };
		F3CF131A2A184E1C0062424D /* ViewController.swift in Sources */ = {isa = PBXBuildFile; fileRef = F3CF13192A184E1C0062424D /* ViewController.swift */; };
		F3CF131D2A184E1C0062424D /* Main.storyboard in Resources */ = {isa = PBXBuildFile; fileRef = F3CF131B2A184E1C0062424D /* Main.storyboard */; };
		F3CF13202A184E1C0062424D /* SonGKSmartQuizz.xcdatamodeld in Sources */ = {isa = PBXBuildFile; fileRef = F3CF131E2A184E1C0062424D /* SonGKSmartQuizz.xcdatamodeld */; };
		F3CF13222A184E250062424D /* Assets.xcassets in Resources */ = {isa = PBXBuildFile; fileRef = F3CF13212A184E250062424D /* Assets.xcassets */; };
		F3CF13252A184E250062424D /* LaunchScreen.storyboard in Resources */ = {isa = PBXBuildFile; fileRef = F3CF13232A184E250062424D /* LaunchScreen.storyboard */; };
		F3CF132F2A1856940062424D /* QuizzViewController.swift in Sources */ = {isa = PBXBuildFile; fileRef = F3CF132E2A1856940062424D /* QuizzViewController.swift */; };
		F3CF13312A1860D50062424D /* QuestionViewController.swift in Sources */ = {isa = PBXBuildFile; fileRef = F3CF13302A1860D50062424D /* QuestionViewController.swift */; };
		F3CF13332A18623F0062424D /* Question.swift in Sources */ = {isa = PBXBuildFile; fileRef = F3CF13322A18623F0062424D /* Question.swift */; };
		F3CF133B2A1884E60062424D /* KetQuaViewController.swift in Sources */ = {isa = PBXBuildFile; fileRef = F3CF133A2A1884E60062424D /* KetQuaViewController.swift */; };
/* End PBXBuildFile section */

/* Begin PBXFileReference section */
		F3CF13122A184E1C0062424D /* SonGKSmartQuizz.app */ = {isa = PBXFileReference; explicitFileType = wrapper.application; includeInIndex = 0; path = SonGKSmartQuizz.app; sourceTree = BUILT_PRODUCTS_DIR; };
		F3CF13152A184E1C0062424D /* AppDelegate.swift */ = {isa = PBXFileReference; lastKnownFileType = sourcecode.swift; path = AppDelegate.swift; sourceTree = "<group>"; };
		F3CF13172A184E1C0062424D /* SceneDelegate.swift */ = {isa = PBXFileReference; lastKnownFileType = sourcecode.swift; path = SceneDelegate.swift; sourceTree = "<group>"; };
		F3CF13192A184E1C0062424D /* ViewController.swift */ = {isa = PBXFileReference; lastKnownFileType = sourcecode.swift; path = ViewController.swift; sourceTree = "<group>"; };
		F3CF131C2A184E1C0062424D /* Base */ = {isa = PBXFileReference; lastKnownFileType = file.storyboard; name = Base; path = Base.lproj/Main.storyboard; sourceTree = "<group>"; };
		F3CF131F2A184E1C0062424D /* SonGKSmartQuizz.xcdatamodel */ = {isa = PBXFileReference; lastKnownFileType = wrapper.xcdatamodel; path = SonGKSmartQuizz.xcdatamodel; sourceTree = "<group>"; };
		F3CF13212A184E250062424D /* Assets.xcassets */ = {isa = PBXFileReference; lastKnownFileType = folder.assetcatalog; path = Assets.xcassets; sourceTree = "<group>"; };
		F3CF13242A184E250062424D /* Base */ = {isa = PBXFileReference; lastKnownFileType = file.storyboard; name = Base; path = Base.lproj/LaunchScreen.storyboard; sourceTree = "<group>"; };
		F3CF13262A184E250062424D /* Info.plist */ = {isa = PBXFileReference; lastKnownFileType = text.plist.xml; path = Info.plist; sourceTree = "<group>"; };
		F3CF132E2A1856940062424D /* QuizzViewController.swift */ = {isa = PBXFileReference; lastKnownFileType = sourcecode.swift; path = QuizzViewController.swift; sourceTree = "<group>"; };
		F3CF13302A1860D50062424D /* QuestionViewController.swift */ = {isa = PBXFileReference; lastKnownFileType = sourcecode.swift; path = QuestionViewController.swift; sourceTree = "<group>"; };
		F3CF13322A18623F0062424D /* Question.swift */ = {isa = PBXFileReference; lastKnownFileType = sourcecode.swift; path = Question.swift; sourceTree = "<group>"; };
		F3CF133A2A1884E60062424D /* KetQuaViewController.swift */ = {isa = PBXFileReference; lastKnownFileType = sourcecode.swift; path = KetQuaViewController.swift; sourceTree = "<group>"; };
/* End PBXFileReference section */

/* Begin PBXFrameworksBuildPhase section */
		F3CF130F2A184E1C0062424D /* Frameworks */ = {
			isa = PBXFrameworksBuildPhase;
			buildActionMask = 2147483647;
			files = (
			);
			runOnlyForDeploymentPostprocessing = 0;
		};
/* End PBXFrameworksBuildPhase section */

/* Begin PBXGroup section */
		F3CF13092A184E1C0062424D = {
			isa = PBXGroup;
			children = (
				F3CF13142A184E1C0062424D /* SonGKSmartQuizz */,
				F3CF13132A184E1C0062424D /* Products */,
			);
			sourceTree = "<group>";
		};
		F3CF13132A184E1C0062424D /* Products */ = {
			isa = PBXGroup;
			children = (
				F3CF13122A184E1C0062424D /* SonGKSmartQuizz.app */,
			);
			name = Products;
			sourceTree = "<group>";
		};
		F3CF13142A184E1C0062424D /* SonGKSmartQuizz */ = {
			isa = PBXGroup;
			children = (
				F3CF13152A184E1C0062424D /* AppDelegate.swift */,
				F3CF13172A184E1C0062424D /* SceneDelegate.swift */,
				F3CF13192A184E1C0062424D /* ViewController.swift */,
				F3CF131B2A184E1C0062424D /* Main.storyboard */,
				F3CF13212A184E250062424D /* Assets.xcassets */,
				F3CF13232A184E250062424D /* LaunchScreen.storyboard */,
				F3CF13262A184E250062424D /* Info.plist */,
				F3CF131E2A184E1C0062424D /* SonGKSmartQuizz.xcdatamodeld */,
				F3CF132E2A1856940062424D /* QuizzViewController.swift */,
				F3CF13302A1860D50062424D /* QuestionViewController.swift */,
				F3CF13322A18623F0062424D /* Question.swift */,
				F3CF133A2A1884E60062424D /* KetQuaViewController.swift */,
			);
			path = SonGKSmartQuizz;
			sourceTree = "<group>";
		};
/* End PBXGroup section */

/* Begin PBXNativeTarget section */
		F3CF13112A184E1C0062424D /* SonGKSmartQuizz */ = {
			isa = PBXNativeTarget;
			buildConfigurationList = F3CF13292A184E250062424D /* Build configuration list for PBXNativeTarget "SonGKSmartQuizz" */;
			buildPhases = (
				F3CF130E2A184E1C0062424D /* Sources */,
				F3CF130F2A184E1C0062424D /* Frameworks */,
				F3CF13102A184E1C0062424D /* Resources */,
			);
			buildRules = (
			);
			dependencies = (
			);
			name = SonGKSmartQuizz;
			productName = SonGKSmartQuizz;
			productReference = F3CF13122A184E1C0062424D /* SonGKSmartQuizz.app */;
			productType = "com.apple.product-type.application";
		};
/* End PBXNativeTarget section */

/* Begin PBXProject section */
		F3CF130A2A184E1C0062424D /* Project object */ = {
			isa = PBXProject;
			attributes = {
				LastSwiftUpdateCheck = 1170;
				LastUpgradeCheck = 1170;
				ORGANIZATIONNAME = BVU;
				TargetAttributes = {
					F3CF13112A184E1C0062424D = {
						CreatedOnToolsVersion = 11.7;
					};
				};
			};
			buildConfigurationList = F3CF130D2A184E1C0062424D /* Build configuration list for PBXProject "SonGKSmartQuizz" */;
			compatibilityVersion = "Xcode 9.3";
			developmentRegion = en;
			hasScannedForEncodings = 0;
			knownRegions = (
				en,
				Base,
			);
			mainGroup = F3CF13092A184E1C0062424D;
			productRefGroup = F3CF13132A184E1C0062424D /* Products */;
			projectDirPath = "";
			projectRoot = "";
			targets = (
				F3CF13112A184E1C0062424D /* SonGKSmartQuizz */,
			);
		};
/* End PBXProject section */

/* Begin PBXResourcesBuildPhase section */
		F3CF13102A184E1C0062424D /* Resources */ = {
			isa = PBXResourcesBuildPhase;
			buildActionMask = 2147483647;
			files = (
				F3CF13252A184E250062424D /* LaunchScreen.storyboard in Resources */,
				F3CF13222A184E250062424D /* Assets.xcassets in Resources */,
				F3CF131D2A184E1C0062424D /* Main.storyboard in Resources */,
			);
			runOnlyForDeploymentPostprocessing = 0;
		};
/* End PBXResourcesBuildPhase section */

/* Begin PBXSourcesBuildPhase section */
		F3CF130E2A184E1C0062424D /* Sources */ = {
			isa = PBXSourcesBuildPhase;
			buildActionMask = 2147483647;
			files = (
				F3CF13202A184E1C0062424D /* SonGKSmartQuizz.xcdatamodeld in Sources */,
				F3CF131A2A184E1C0062424D /* ViewController.swift in Sources */,
				F3CF13312A1860D50062424D /* QuestionViewController.swift in Sources */,
				F3CF13162A184E1C0062424D /* AppDelegate.swift in Sources */,
				F3CF13182A184E1C0062424D /* SceneDelegate.swift in Sources */,
				F3CF13332A18623F0062424D /* Question.swift in Sources */,
				F3CF132F2A1856940062424D /* QuizzViewController.swift in Sources */,
				F3CF133B2A1884E60062424D /* KetQuaViewController.swift in Sources */,
			);
			runOnlyForDeploymentPostprocessing = 0;
		};
/* End PBXSourcesBuildPhase section */

/* Begin PBXVariantGroup section */
		F3CF131B2A184E1C0062424D /* Main.storyboard */ = {
			isa = PBXVariantGroup;
			children = (
				F3CF131C2A184E1C0062424D /* Base */,
			);
			name = Main.storyboard;
			sourceTree = "<group>";
		};
		F3CF13232A184E250062424D /* LaunchScreen.storyboard */ = {
			isa = PBXVariantGroup;
			children = (
				F3CF13242A184E250062424D /* Base */,
			);
			name = LaunchScreen.storyboard;
			sourceTree = "<group>";
		};
/* End PBXVariantGroup section */

/* Begin XCBuildConfiguration section */
		F3CF13272A184E250062424D /* Debug */ = {
			isa = XCBuildConfiguration;
			buildSettings = {
				ALWAYS_SEARCH_USER_PATHS = NO;
				CLANG_ANALYZER_NONNULL = YES;
				CLANG_ANALYZER_NUMBER_OBJECT_CONVERSION = YES_AGGRESSIVE;
				CLANG_CXX_LANGUAGE_STANDARD = "gnu++14";
				CLANG_CXX_LIBRARY = "libc++";
				CLANG_ENABLE_MODULES = YES;
				CLANG_ENABLE_OBJC_ARC = YES;
				CLANG_ENABLE_OBJC_WEAK = YES;
				CLANG_WARN_BLOCK_CAPTURE_AUTORELEASING = YES;
				CLANG_WARN_BOOL_CONVERSION = YES;
				CLANG_WARN_COMMA = YES;
				CLANG_WARN_CONSTANT_CONVERSION = YES;
				CLANG_WARN_DEPRECATED_OBJC_IMPLEMENTATIONS = YES;
				CLANG_WARN_DIRECT_OBJC_ISA_USAGE = YES_ERROR;
				CLANG_WARN_DOCUMENTATION_COMMENTS = YES;
				CLANG_WARN_EMPTY_BODY = YES;
				CLANG_WARN_ENUM_CONVERSION = YES;
				CLANG_WARN_INFINITE_RECURSION = YES;
				CLANG_WARN_INT_CONVERSION = YES;
				CLANG_WARN_NON_LITERAL_NULL_CONVERSION = YES;
				CLANG_WARN_OBJC_IMPLICIT_RETAIN_SELF = YES;
				CLANG_WARN_OBJC_LITERAL_CONVERSION = YES;
				CLANG_WARN_OBJC_ROOT_CLASS = YES_ERROR;
				CLANG_WARN_RANGE_LOOP_ANALYSIS = YES;
				CLANG_WARN_STRICT_PROTOTYPES = YES;
				CLANG_WARN_SUSPICIOUS_MOVE = YES;
				CLANG_WARN_UNGUARDED_AVAILABILITY = YES_AGGRESSIVE;
				CLANG_WARN_UNREACHABLE_CODE = YES;
				CLANG_WARN__DUPLICATE_METHOD_MATCH = YES;
				COPY_PHASE_STRIP = NO;
				DEBUG_INFORMATION_FORMAT = dwarf;
				ENABLE_STRICT_OBJC_MSGSEND = YES;
				ENABLE_TESTABILITY = YES;
				GCC_C_LANGUAGE_STANDARD = gnu11;
				GCC_DYNAMIC_NO_PIC = NO;
				GCC_NO_COMMON_BLOCKS = YES;
				GCC_OPTIMIZATION_LEVEL = 0;
				GCC_PREPROCESSOR_DEFINITIONS = (
					"DEBUG=1",
					"$(inherited)",
				);
				GCC_WARN_64_TO_32_BIT_CONVERSION = YES;
				GCC_WARN_ABOUT_RETURN_TYPE = YES_ERROR;
				GCC_WARN_UNDECLARED_SELECTOR = YES;
				GCC_WARN_UNINITIALIZED_AUTOS = YES_AGGRESSIVE;
				GCC_WARN_UNUSED_FUNCTION = YES;
				GCC_WARN_UNUSED_VARIABLE = YES;
				IPHONEOS_DEPLOYMENT_TARGET = 13.7;
				MTL_ENABLE_DEBUG_INFO = INCLUDE_SOURCE;
				MTL_FAST_MATH = YES;
				ONLY_ACTIVE_ARCH = YES;
				SDKROOT = iphoneos;
				SWIFT_ACTIVE_COMPILATION_CONDITIONS = DEBUG;
				SWIFT_OPTIMIZATION_LEVEL = "-Onone";
			};
			name = Debug;
		};
		F3CF13282A184E250062424D /* Release */ = {
			isa = XCBuildConfiguration;
			buildSettings = {
				ALWAYS_SEARCH_USER_PATHS = NO;
				CLANG_ANALYZER_NONNULL = YES;
				CLANG_ANALYZER_NUMBER_OBJECT_CONVERSION = YES_AGGRESSIVE;
				CLANG_CXX_LANGUAGE_STANDARD = "gnu++14";
				CLANG_CXX_LIBRARY = "libc++";
				CLANG_ENABLE_MODULES = YES;
				CLANG_ENABLE_OBJC_ARC = YES;
				CLANG_ENABLE_OBJC_WEAK = YES;
				CLANG_WARN_BLOCK_CAPTURE_AUTORELEASING = YES;
				CLANG_WARN_BOOL_CONVERSION = YES;
				CLANG_WARN_COMMA = YES;
				CLANG_WARN_CONSTANT_CONVERSION = YES;
				CLANG_WARN_DEPRECATED_OBJC_IMPLEMENTATIONS = YES;
				CLANG_WARN_DIRECT_OBJC_ISA_USAGE = YES_ERROR;
				CLANG_WARN_DOCUMENTATION_COMMENTS = YES;
				CLANG_WARN_EMPTY_BODY = YES;
				CLANG_WARN_ENUM_CONVERSION = YES;
				CLANG_WARN_INFINITE_RECURSION = YES;
				CLANG_WARN_INT_CONVERSION = YES;
				CLANG_WARN_NON_LITERAL_NULL_CONVERSION = YES;
				CLANG_WARN_OBJC_IMPLICIT_RETAIN_SELF = YES;
				CLANG_WARN_OBJC_LITERAL_CONVERSION = YES;
				CLANG_WARN_OBJC_ROOT_CLASS = YES_ERROR;
				CLANG_WARN_RANGE_LOOP_ANALYSIS = YES;
				CLANG_WARN_STRICT_PROTOTYPES = YES;
				CLANG_WARN_SUSPICIOUS_MOVE = YES;
				CLANG_WARN_UNGUARDED_AVAILABILITY = YES_AGGRESSIVE;
				CLANG_WARN_UNREACHABLE_CODE = YES;
				CLANG_WARN__DUPLICATE_METHOD_MATCH = YES;
				COPY_PHASE_STRIP = NO;
				DEBUG_INFORMATION_FORMAT = "dwarf-with-dsym";
				ENABLE_NS_ASSERTIONS = NO;
				ENABLE_STRICT_OBJC_MSGSEND = YES;
				GCC_C_LANGUAGE_STANDARD = gnu11;
				GCC_NO_COMMON_BLOCKS = YES;
				GCC_WARN_64_TO_32_BIT_CONVERSION = YES;
				GCC_WARN_ABOUT_RETURN_TYPE = YES_ERROR;
				GCC_WARN_UNDECLARED_SELECTOR = YES;
				GCC_WARN_UNINITIALIZED_AUTOS = YES_AGGRESSIVE;
				GCC_WARN_UNUSED_FUNCTION = YES;
				GCC_WARN_UNUSED_VARIABLE = YES;
				IPHONEOS_DEPLOYMENT_TARGET = 13.7;
				MTL_ENABLE_DEBUG_INFO = NO;
				MTL_FAST_MATH = YES;
				SDKROOT = iphoneos;
				SWIFT_COMPILATION_MODE = wholemodule;
				SWIFT_OPTIMIZATION_LEVEL = "-O";
				VALIDATE_PRODUCT = YES;
			};
			name = Release;
		};
		F3CF132A2A184E250062424D /* Debug */ = {
			isa = XCBuildConfiguration;
			buildSettings = {
				ASSETCATALOG_COMPILER_APPICON_NAME = AppIcon;
				CODE_SIGN_STYLE = Automatic;
				DEVELOPMENT_TEAM = 48U8UX48W8;
				INFOPLIST_FILE = SonGKSmartQuizz/Info.plist;
				LD_RUNPATH_SEARCH_PATHS = (
					"$(inherited)",
					"@executable_path/Frameworks",
				);
				PRODUCT_BUNDLE_IDENTIFIER = vn.bvu.edu.vn.SonGKSmartQuizz;
				PRODUCT_NAME = "$(TARGET_NAME)";
				SWIFT_VERSION = 5.0;
				TARGETED_DEVICE_FAMILY = "1,2";
			};
			name = Debug;
		};
		F3CF132B2A184E250062424D /* Release */ = {
			isa = XCBuildConfiguration;
			buildSettings = {
				ASSETCATALOG_COMPILER_APPICON_NAME = AppIcon;
				CODE_SIGN_STYLE = Automatic;
				DEVELOPMENT_TEAM = 48U8UX48W8;
				INFOPLIST_FILE = SonGKSmartQuizz/Info.plist;
				LD_RUNPATH_SEARCH_PATHS = (
					"$(inherited)",
					"@executable_path/Frameworks",
				);
				PRODUCT_BUNDLE_IDENTIFIER = vn.bvu.edu.vn.SonGKSmartQuizz;
				PRODUCT_NAME = "$(TARGET_NAME)";
				SWIFT_VERSION = 5.0;
				TARGETED_DEVICE_FAMILY = "1,2";
			};
			name = Release;
		};
/* End XCBuildConfiguration section */

/* Begin XCConfigurationList section */
		F3CF130D2A184E1C0062424D /* Build configuration list for PBXProject "SonGKSmartQuizz" */ = {
			isa = XCConfigurationList;
			buildConfigurations = (
				F3CF13272A184E250062424D /* Debug */,
				F3CF13282A184E250062424D /* Release */,
			);
			defaultConfigurationIsVisible = 0;
			defaultConfigurationName = Release;
		};
		F3CF13292A184E250062424D /* Build configuration list for PBXNativeTarget "SonGKSmartQuizz" */ = {
			isa = XCConfigurationList;
			buildConfigurations = (
				F3CF132A2A184E250062424D /* Debug */,
				F3CF132B2A184E250062424D /* Release */,
			);
			defaultConfigurationIsVisible = 0;
			defaultConfigurationName = Release;
		};
/* End XCConfigurationList section */

/* Begin XCVersionGroup section */
		F3CF131E2A184E1C0062424D /* SonGKSmartQuizz.xcdatamodeld */ = {
			isa = XCVersionGroup;
			children = (
				F3CF131F2A184E1C0062424D /* SonGKSmartQuizz.xcdatamodel */,
			);
			currentVersion = F3CF131F2A184E1C0062424D /* SonGKSmartQuizz.xcdatamodel */;
			path = SonGKSmartQuizz.xcdatamodeld;
			sourceTree = "<group>";
			versionGroupType = wrapper.xcdatamodel;
		};
/* End XCVersionGroup section */
	};
	rootObject = F3CF130A2A184E1C0062424D /* Project object */;
}
